// !$*UTF8*$!
{
	archiveVersion = 1;
	classes = {
	};
	objectVersion = 46;
	objects = {

/* Begin PBXBuildFile section */
		9233F8CA1DDEE33400294144 /* main.m in Sources */ = {isa = PBXBuildFile; fileRef = 9233F8C91DDEE33400294144 /* main.m */; };
		9233F8CD1DDEE33400294144 /* AppDelegate.m in Sources */ = {isa = PBXBuildFile; fileRef = 9233F8CC1DDEE33400294144 /* AppDelegate.m */; };
		9233F8D01DDEE33400294144 /* ViewController.m in Sources */ = {isa = PBXBuildFile; fileRef = 9233F8CF1DDEE33400294144 /* ViewController.m */; };
		9233F8D31DDEE33400294144 /* Main.storyboard in Resources */ = {isa = PBXBuildFile; fileRef = 9233F8D11DDEE33400294144 /* Main.storyboard */; };
		9233F8D51DDEE33500294144 /* Assets.xcassets in Resources */ = {isa = PBXBuildFile; fileRef = 9233F8D41DDEE33500294144 /* Assets.xcassets */; };
		9233F8D81DDEE33500294144 /* LaunchScreen.storyboard in Resources */ = {isa = PBXBuildFile; fileRef = 9233F8D61DDEE33500294144 /* LaunchScreen.storyboard */; };
		9233F8E31DDEE33500294144 /* collectionDemoTests.m in Sources */ = {isa = PBXBuildFile; fileRef = 9233F8E21DDEE33500294144 /* collectionDemoTests.m */; };
		9233F8F01DDEE40300294144 /* CustomCollectionViewCell.m in Sources */ = {isa = PBXBuildFile; fileRef = 9233F8EE1DDEE40300294144 /* CustomCollectionViewCell.m */; };
		9233F8F11DDEE40300294144 /* CustomCollectionViewCell.xib in Resources */ = {isa = PBXBuildFile; fileRef = 9233F8EF1DDEE40300294144 /* CustomCollectionViewCell.xib */; };
		9233F8F51DDEE60F00294144 /* CustomCollectionReusableView.m in Sources */ = {isa = PBXBuildFile; fileRef = 9233F8F31DDEE60F00294144 /* CustomCollectionReusableView.m */; };
		9233F8F61DDEE60F00294144 /* CustomCollectionReusableView.xib in Resources */ = {isa = PBXBuildFile; fileRef = 9233F8F41DDEE60F00294144 /* CustomCollectionReusableView.xib */; };
		9233F8F91DDEEB4700294144 /* HeaderFlowLayout.m in Sources */ = {isa = PBXBuildFile; fileRef = 9233F8F81DDEEB4700294144 /* HeaderFlowLayout.m */; };
/* End PBXBuildFile section */

/* Begin PBXContainerItemProxy section */
		9233F8DF1DDEE33500294144 /* PBXContainerItemProxy */ = {
			isa = PBXContainerItemProxy;
			containerPortal = 9233F8BD1DDEE33400294144 /* Project object */;
			proxyType = 1;
			remoteGlobalIDString = 9233F8C41DDEE33400294144;
			remoteInfo = collectionDemo;
		};
/* End PBXContainerItemProxy section */

/* Begin PBXFileReference section */
		9233F8C51DDEE33400294144 /* collectionDemo.app */ = {isa = PBXFileReference; explicitFileType = wrapper.application; includeInIndex = 0; path = collectionDemo.app; sourceTree = BUILT_PRODUCTS_DIR; };
		9233F8C91DDEE33400294144 /* main.m */ = {isa = PBXFileReference; lastKnownFileType = sourcecode.c.objc; path = main.m; sourceTree = "<group>"; };
		9233F8CB1DDEE33400294144 /* AppDelegate.h */ = {isa = PBXFileReference; lastKnownFileType = sourcecode.c.h; path = AppDelegate.h; sourceTree = "<group>"; };
		9233F8CC1DDEE33400294144 /* AppDelegate.m */ = {isa = PBXFileReference; lastKnownFileType = sourcecode.c.objc; path = AppDelegate.m; sourceTree = "<group>"; };
		9233F8CE1DDEE33400294144 /* ViewController.h */ = {isa = PBXFileReference; lastKnownFileType = sourcecode.c.h; path = ViewController.h; sourceTree = "<group>"; };
		9233F8CF1DDEE33400294144 /* ViewController.m */ = {isa = PBXFileReference; lastKnownFileType = sourcecode.c.objc; path = ViewController.m; sourceTree = "<group>"; };
		9233F8D21DDEE33400294144 /* Base */ = {isa = PBXFileReference; lastKnownFileType = file.storyboard; name = Base; path = Base.lproj/Main.storyboard; sourceTree = "<group>"; };
		9233F8D41DDEE33500294144 /* Assets.xcassets */ = {isa = PBXFileReference; lastKnownFileType = folder.assetcatalog; path = Assets.xcassets; sourceTree = "<group>"; };
		9233F8D71DDEE33500294144 /* Base */ = {isa = PBXFileReference; lastKnownFileType = file.storyboard; name = Base; path = Base.lproj/LaunchScreen.storyboard; sourceTree = "<group>"; };
		9233F8D91DDEE33500294144 /* Info.plist */ = {isa = PBXFileReference; lastKnownFileType = text.plist.xml; path = Info.plist; sourceTree = "<group>"; };
		9233F8DE1DDEE33500294144 /* collectionDemoTests.xctest */ = {isa = PBXFileReference; explicitFileType = wrapper.cfbundle; includeInIndex = 0; path = collectionDemoTests.xctest; sourceTree = BUILT_PRODUCTS_DIR; };
		9233F8E21DDEE33500294144 /* collectionDemoTests.m */ = {isa = PBXFileReference; lastKnownFileType = sourcecode.c.objc; path = collectionDemoTests.m; sourceTree = "<group>"; };
		9233F8E41DDEE33500294144 /* Info.plist */ = {isa = PBXFileReference; lastKnownFileType = text.plist.xml; path = Info.plist; sourceTree = "<group>"; };
		9233F8ED1DDEE40300294144 /* CustomCollectionViewCell.h */ = {isa = PBXFileReference; fileEncoding = 4; lastKnownFileType = sourcecode.c.h; path = CustomCollectionViewCell.h; sourceTree = "<group>"; };
		9233F8EE1DDEE40300294144 /* CustomCollectionViewCell.m */ = {isa = PBXFileReference; fileEncoding = 4; lastKnownFileType = sourcecode.c.objc; path = CustomCollectionViewCell.m; sourceTree = "<group>"; };
		9233F8EF1DDEE40300294144 /* CustomCollectionViewCell.xib */ = {isa = PBXFileReference; fileEncoding = 4; lastKnownFileType = file.xib; path = CustomCollectionViewCell.xib; sourceTree = "<group>"; };
		9233F8F21DDEE60F00294144 /* CustomCollectionReusableView.h */ = {isa = PBXFileReference; fileEncoding = 4; lastKnownFileType = sourcecode.c.h; path = CustomCollectionReusableView.h; sourceTree = "<group>"; };
		9233F8F31DDEE60F00294144 /* CustomCollectionReusableView.m */ = {isa = PBXFileReference; fileEncoding = 4; lastKnownFileType = sourcecode.c.objc; path = CustomCollectionReusableView.m; sourceTree = "<group>"; };
		9233F8F41DDEE60F00294144 /* CustomCollectionReusableView.xib */ = {isa = PBXFileReference; fileEncoding = 4; lastKnownFileType = file.xib; path = CustomCollectionReusableView.xib; sourceTree = "<group>"; };
		9233F8F71DDEEB4700294144 /* HeaderFlowLayout.h */ = {isa = PBXFileReference; fileEncoding = 4; lastKnownFileType = sourcecode.c.h; path = HeaderFlowLayout.h; sourceTree = "<group>"; };
		9233F8F81DDEEB4700294144 /* HeaderFlowLayout.m */ = {isa = PBXFileReference; fileEncoding = 4; lastKnownFileType = sourcecode.c.objc; path = HeaderFlowLayout.m; sourceTree = "<group>"; };
/* End PBXFileReference section */

/* Begin PBXFrameworksBuildPhase section */
		9233F8C21DDEE33400294144 /* Frameworks */ = {
			isa = PBXFrameworksBuildPhase;
			buildActionMask = 2147483647;
			files = (
			);
			runOnlyForDeploymentPostprocessing = 0;
		};
		9233F8DB1DDEE33500294144 /* Frameworks */ = {
			isa = PBXFrameworksBuildPhase;
			buildActionMask = 2147483647;
			files = (
			);
			runOnlyForDeploymentPostprocessing = 0;
		};
/* End PBXFrameworksBuildPhase section */

/* Begin PBXGroup section */
		9233F8BC1DDEE33400294144 = {
			isa = PBXGroup;
			children = (
				9233F8C71DDEE33400294144 /* collectionDemo */,
				9233F8E11DDEE33500294144 /* collectionDemoTests */,
				9233F8C61DDEE33400294144 /* Products */,
			);
			sourceTree = "<group>";
		};
		9233F8C61DDEE33400294144 /* Products */ = {
			isa = PBXGroup;
			children = (
				9233F8C51DDEE33400294144 /* collectionDemo.app */,
				9233F8DE1DDEE33500294144 /* collectionDemoTests.xctest */,
			);
			name = Products;
			sourceTree = "<group>";
		};
		9233F8C71DDEE33400294144 /* collectionDemo */ = {
			isa = PBXGroup;
			children = (
				9233F8CB1DDEE33400294144 /* AppDelegate.h */,
				9233F8CC1DDEE33400294144 /* AppDelegate.m */,
				9233F8CE1DDEE33400294144 /* ViewController.h */,
				9233F8CF1DDEE33400294144 /* ViewController.m */,
				9233F8F71DDEEB4700294144 /* HeaderFlowLayout.h */,
				9233F8F81DDEEB4700294144 /* HeaderFlowLayout.m */,
				9233F8F21DDEE60F00294144 /* CustomCollectionReusableView.h */,
				9233F8F31DDEE60F00294144 /* CustomCollectionReusableView.m */,
				9233F8F41DDEE60F00294144 /* CustomCollectionReusableView.xib */,
				9233F8ED1DDEE40300294144 /* CustomCollectionViewCell.h */,
				9233F8EE1DDEE40300294144 /* CustomCollectionViewCell.m */,
				9233F8EF1DDEE40300294144 /* CustomCollectionViewCell.xib */,
				9233F8D11DDEE33400294144 /* Main.storyboard */,
				9233F8D41DDEE33500294144 /* Assets.xcassets */,
				9233F8D61DDEE33500294144 /* LaunchScreen.storyboard */,
				9233F8D91DDEE33500294144 /* Info.plist */,
				9233F8C81DDEE33400294144 /* Supporting Files */,
			);
			path = collectionDemo;
			sourceTree = "<group>";
		};
		9233F8C81DDEE33400294144 /* Supporting Files */ = {
			isa = PBXGroup;
			children = (
				9233F8C91DDEE33400294144 /* main.m */,
			);
			name = "Supporting Files";
			sourceTree = "<group>";
		};
		9233F8E11DDEE33500294144 /* collectionDemoTests */ = {
			isa = PBXGroup;
			children = (
				9233F8E21DDEE33500294144 /* collectionDemoTests.m */,
				9233F8E41DDEE33500294144 /* Info.plist */,
			);
			path = collectionDemoTests;
			sourceTree = "<group>";
		};
/* End PBXGroup section */

/* Begin PBXNativeTarget section */
		9233F8C41DDEE33400294144 /* collectionDemo */ = {
			isa = PBXNativeTarget;
			buildConfigurationList = 9233F8E71DDEE33500294144 /* Build configuration list for PBXNativeTarget "collectionDemo" */;
			buildPhases = (
				9233F8C11DDEE33400294144 /* Sources */,
				9233F8C21DDEE33400294144 /* Frameworks */,
				9233F8C31DDEE33400294144 /* Resources */,
			);
			buildRules = (
			);
			dependencies = (
			);
			name = collectionDemo;
			productName = collectionDemo;
			productReference = 9233F8C51DDEE33400294144 /* collectionDemo.app */;
			productType = "com.apple.product-type.application";
		};
		9233F8DD1DDEE33500294144 /* collectionDemoTests */ = {
			isa = PBXNativeTarget;
			buildConfigurationList = 9233F8EA1DDEE33500294144 /* Build configuration list for PBXNativeTarget "collectionDemoTests" */;
			buildPhases = (
				9233F8DA1DDEE33500294144 /* Sources */,
				9233F8DB1DDEE33500294144 /* Frameworks */,
				9233F8DC1DDEE33500294144 /* Resources */,
			);
			buildRules = (
			);
			dependencies = (
				9233F8E01DDEE33500294144 /* PBXTargetDependency */,
			);
			name = collectionDemoTests;
			productName = collectionDemoTests;
			productReference = 9233F8DE1DDEE33500294144 /* collectionDemoTests.xctest */;
			productType = "com.apple.product-type.bundle.unit-test";
		};
/* End PBXNativeTarget section */

/* Begin PBXProject section */
		9233F8BD1DDEE33400294144 /* Project object */ = {
			isa = PBXProject;
			attributes = {
				LastUpgradeCheck = 0810;
				ORGANIZATIONNAME = zhanghangzhen;
				TargetAttributes = {
					9233F8C41DDEE33400294144 = {
						CreatedOnToolsVersion = 8.1;
						DevelopmentTeam = S783ZLB9W4;
						ProvisioningStyle = Automatic;
					};
					9233F8DD1DDEE33500294144 = {
						CreatedOnToolsVersion = 8.1;
						ProvisioningStyle = Automatic;
						TestTargetID = 9233F8C41DDEE33400294144;
					};
				};
			};
			buildConfigurationList = 9233F8C01DDEE33400294144 /* Build configuration list for PBXProject "collectionDemo" */;
			compatibilityVersion = "Xcode 3.2";
			developmentRegion = English;
			hasScannedForEncodings = 0;
			knownRegions = (
				en,
				Base,
			);
			mainGroup = 9233F8BC1DDEE33400294144;
			productRefGroup = 9233F8C61DDEE33400294144 /* Products */;
			projectDirPath = "";
			projectRoot = "";
			targets = (
				9233F8C41DDEE33400294144 /* collectionDemo */,
				9233F8DD1DDEE33500294144 /* collectionDemoTests */,
			);
		};
/* End PBXProject section */

/* Begin PBXResourcesBuildPhase section */
		9233F8C31DDEE33400294144 /* Resources */ = {
			isa = PBXResourcesBuildPhase;
			buildActionMask = 2147483647;
			files = (
				9233F8D81DDEE33500294144 /* LaunchScreen.storyboard in Resources */,
				9233F8D51DDEE33500294144 /* Assets.xcassets in Resources */,
				9233F8F61DDEE60F00294144 /* CustomCollectionReusableView.xib in Resources */,
				9233F8D31DDEE33400294144 /* Main.storyboard in Resources */,
				9233F8F11DDEE40300294144 /* CustomCollectionViewCell.xib in Resources */,
			);
			runOnlyForDeploymentPostprocessing = 0;
		};
		9233F8DC1DDEE33500294144 /* Resources */ = {
			isa = PBXResourcesBuildPhase;
			buildActionMask = 2147483647;
			files = (
			);
			runOnlyForDeploymentPostprocessing = 0;
		};
/* End PBXResourcesBuildPhase section */

/* Begin PBXSourcesBuildPhase section */
		9233F8C11DDEE33400294144 /* Sources */ = {
			isa = PBXSourcesBuildPhase;
			buildActionMask = 2147483647;
			files = (
				9233F8D01DDEE33400294144 /* ViewController.m in Sources */,
				9233F8CD1DDEE33400294144 /* AppDelegate.m in Sources */,
				9233F8F91DDEEB4700294144 /* HeaderFlowLayout.m in Sources */,
				9233F8CA1DDEE33400294144 /* main.m in Sources */,
				9233F8F01DDEE40300294144 /* CustomCollectionViewCell.m in Sources */,
				9233F8F51DDEE60F00294144 /* CustomCollectionReusableView.m in Sources */,
			);
			runOnlyForDeploymentPostprocessing = 0;
		};
		9233F8DA1DDEE33500294144 /* Sources */ = {
			isa = PBXSourcesBuildPhase;
			buildActionMask = 2147483647;
			files = (
				9233F8E31DDEE33500294144 /* collectionDemoTests.m in Sources */,
			);
			runOnlyForDeploymentPostprocessing = 0;
		};
/* End PBXSourcesBuildPhase section */

/* Begin PBXTargetDependency section */
		9233F8E01DDEE33500294144 /* PBXTargetDependency */ = {
			isa = PBXTargetDependency;
			target = 9233F8C41DDEE33400294144 /* collectionDemo */;
			targetProxy = 9233F8DF1DDEE33500294144 /* PBXContainerItemProxy */;
		};
/* End PBXTargetDependency section */

/* Begin PBXVariantGroup section */
		9233F8D11DDEE33400294144 /* Main.storyboard */ = {
			isa = PBXVariantGroup;
			children = (
				9233F8D21DDEE33400294144 /* Base */,
			);
			name = Main.storyboard;
			sourceTree = "<group>";
		};
		9233F8D61DDEE33500294144 /* LaunchScreen.storyboard */ = {
			isa = PBXVariantGroup;
			children = (
				9233F8D71DDEE33500294144 /* Base */,
			);
			name = LaunchScreen.storyboard;
			sourceTree = "<group>";
		};
/* End PBXVariantGroup section */

/* Begin XCBuildConfiguration section */
		9233F8E51DDEE33500294144 /* Debug */ = {
			isa = XCBuildConfiguration;
			buildSettings = {
				ALWAYS_SEARCH_USER_PATHS = NO;
				CLANG_ANALYZER_NONNULL = YES;
				CLANG_CXX_LANGUAGE_STANDARD = "gnu++0x";
				CLANG_CXX_LIBRARY = "libc++";
				CLANG_ENABLE_MODULES = YES;
				CLANG_ENABLE_OBJC_ARC = YES;
				CLANG_WARN_BOOL_CONVERSION = YES;
				CLANG_WARN_CONSTANT_CONVERSION = YES;
				CLANG_WARN_DIRECT_OBJC_ISA_USAGE = YES_ERROR;
				CLANG_WARN_DOCUMENTATION_COMMENTS = YES;
				CLANG_WARN_EMPTY_BODY = YES;
				CLANG_WARN_ENUM_CONVERSION = YES;
				CLANG_WARN_INFINITE_RECURSION = YES;
				CLANG_WARN_INT_CONVERSION = YES;
				CLANG_WARN_OBJC_ROOT_CLASS = YES_ERROR;
				CLANG_WARN_SUSPICIOUS_MOVES = YES;
				CLANG_WARN_UNREACHABLE_CODE = YES;
				CLANG_WARN__DUPLICATE_METHOD_MATCH = YES;
				"CODE_SIGN_IDENTITY[sdk=iphoneos*]" = "iPhone Developer";
				COPY_PHASE_STRIP = NO;
				DEBUG_INFORMATION_FORMAT = dwarf;
				ENABLE_STRICT_OBJC_MSGSEND = YES;
				ENABLE_TESTABILITY = YES;
				GCC_C_LANGUAGE_STANDARD = gnu99;
				GCC_DYNAMIC_NO_PIC = NO;
				GCC_NO_COMMON_BLOCKS = YES;
				GCC_OPTIMIZATION_LEVEL = 0;
				GCC_PREPROCESSOR_DEFINITIONS = (
					"DEBUG=1",
					"$(inherited)",
				);
				GCC_WARN_64_TO_32_BIT_CONVERSION = YES;
				GCC_WARN_ABOUT_RETURN_TYPE = YES_ERROR;
				GCC_WARN_UNDECLARED_SELECTOR = YES;
				GCC_WARN_UNINITIALIZED_AUTOS = YES_AGGRESSIVE;
				GCC_WARN_UNUSED_FUNCTION = YES;
				GCC_WARN_UNUSED_VARIABLE = YES;
				IPHONEOS_DEPLOYMENT_TARGET = 10.1;
				MTL_ENABLE_DEBUG_INFO = YES;
				ONLY_ACTIVE_ARCH = YES;
				SDKROOT = iphoneos;
			};
			name = Debug;
		};
		9233F8E61DDEE33500294144 /* Release */ = {
			isa = XCBuildConfiguration;
			buildSettings = {
				ALWAYS_SEARCH_USER_PATHS = NO;
				CLANG_ANALYZER_NONNULL = YES;
				CLANG_CXX_LANGUAGE_STANDARD = "gnu++0x";
				CLANG_CXX_LIBRARY = "libc++";
				CLANG_ENABLE_MODULES = YES;
				CLANG_ENABLE_OBJC_ARC = YES;
				CLANG_WARN_BOOL_CONVERSION = YES;
				CLANG_WARN_CONSTANT_CONVERSION = YES;
				CLANG_WARN_DIRECT_OBJC_ISA_USAGE = YES_ERROR;
				CLANG_WARN_DOCUMENTATION_COMMENTS = YES;
				CLANG_WARN_EMPTY_BODY = YES;
				CLANG_WARN_ENUM_CONVERSION = YES;
				CLANG_WARN_INFINITE_RECURSION = YES;
				CLANG_WARN_INT_CONVERSION = YES;
				CLANG_WARN_OBJC_ROOT_CLASS = YES_ERROR;
				CLANG_WARN_SUSPICIOUS_MOVES = YES;
				CLANG_WARN_UNREACHABLE_CODE = YES;
				CLANG_WARN__DUPLICATE_METHOD_MATCH = YES;
				"CODE_SIGN_IDENTITY[sdk=iphoneos*]" = "iPhone Developer";
				COPY_PHASE_STRIP = NO;
				DEBUG_INFORMATION_FORMAT = "dwarf-with-dsym";
				ENABLE_NS_ASSERTIONS = NO;
				ENABLE_STRICT_OBJC_MSGSEND = YES;
				GCC_C_LANGUAGE_STANDARD = gnu99;
				GCC_NO_COMMON_BLOCKS = YES;
				GCC_WARN_64_TO_32_BIT_CONVERSION = YES;
				GCC_WARN_ABOUT_RETURN_TYPE = YES_ERROR;
				GCC_WARN_UNDECLARED_SELECTOR = YES;
				GCC_WARN_UNINITIALIZED_AUTOS = YES_AGGRESSIVE;
				GCC_WARN_UNUSED_FUNCTION = YES;
				GCC_WARN_UNUSED_VARIABLE = YES;
				IPHONEOS_DEPLOYMENT_TARGET = 10.1;
				MTL_ENABLE_DEBUG_INFO = NO;
				SDKROOT = iphoneos;
				VALIDATE_PRODUCT = YES;
			};
			name = Release;
		};
		9233F8E81DDEE33500294144 /* Debug */ = {
			isa = XCBuildConfiguration;
			buildSettings = {
				ASSETCATALOG_COMPILER_APPICON_NAME = AppIcon;
				DEVELOPMENT_TEAM = S783ZLB9W4;
				INFOPLIST_FILE = collectionDemo/Info.plist;
				LD_RUNPATH_SEARCH_PATHS = "$(inherited) @executable_path/Frameworks";
				PRODUCT_BUNDLE_IDENTIFIER = com.ezparking.ios.collectionDemo;
				PRODUCT_NAME = "$(TARGET_NAME)";
			};
			name = Debug;
		};
		9233F8E91DDEE33500294144 /* Release */ = {
			isa = XCBuildConfiguration;
			buildSettings = {
				ASSETCATALOG_COMPILER_APPICON_NAME = AppIcon;
				DEVELOPMENT_TEAM = S783ZLB9W4;
				INFOPLIST_FILE = collectionDemo/Info.plist;
				LD_RUNPATH_SEARCH_PATHS = "$(inherited) @executable_path/Frameworks";
				PRODUCT_BUNDLE_IDENTIFIER = com.ezparking.ios.collectionDemo;
				PRODUCT_NAME = "$(TARGET_NAME)";
			};
			name = Release;
		};
		9233F8EB1DDEE33500294144 /* Debug */ = {
			isa = XCBuildConfiguration;
			buildSettings = {
				BUNDLE_LOADER = "$(TEST_HOST)";
				INFOPLIST_FILE = collectionDemoTests/Info.plist;
				LD_RUNPATH_SEARCH_PATHS = "$(inherited) @executable_path/Frameworks @loader_path/Frameworks";
				PRODUCT_BUNDLE_IDENTIFIER = com.ezparking.ios.collectionDemoTests;
				PRODUCT_NAME = "$(TARGET_NAME)";
				TEST_HOST = "$(BUILT_PRODUCTS_DIR)/collectionDemo.app/collectionDemo";
			};
			name = Debug;
		};
		9233F8EC1DDEE33500294144 /* Release */ = {
			isa = XCBuildConfiguration;
			buildSettings = {
				BUNDLE_LOADER = "$(TEST_HOST)";
				INFOPLIST_FILE = collectionDemoTests/Info.plist;
				LD_RUNPATH_SEARCH_PATHS = "$(inherited) @executable_path/Frameworks @loader_path/Frameworks";
				PRODUCT_BUNDLE_IDENTIFIER = com.ezparking.ios.collectionDemoTests;
				PRODUCT_NAME = "$(TARGET_NAME)";
				TEST_HOST = "$(BUILT_PRODUCTS_DIR)/collectionDemo.app/collectionDemo";
			};
			name = Release;
		};
/* End XCBuildConfiguration section */

/* Begin XCConfigurationList section */
		9233F8C01DDEE33400294144 /* Build configuration list for PBXProject "collectionDemo" */ = {
			isa = XCConfigurationList;
			buildConfigurations = (
				9233F8E51DDEE33500294144 /* Debug */,
				9233F8E61DDEE33500294144 /* Release */,
			);
			defaultConfigurationIsVisible = 0;
			defaultConfigurationName = Release;
		};
		9233F8E71DDEE33500294144 /* Build configuration list for PBXNativeTarget "collectionDemo" */ = {
			isa = XCConfigurationList;
			buildConfigurations = (
				9233F8E81DDEE33500294144 /* Debug */,
				9233F8E91DDEE33500294144 /* Release */,
			);
			defaultConfigurationIsVisible = 0;
		};
		9233F8EA1DDEE33500294144 /* Build configuration list for PBXNativeTarget "collectionDemoTests" */ = {
			isa = XCConfigurationList;
			buildConfigurations = (
				9233F8EB1DDEE33500294144 /* Debug */,
				9233F8EC1DDEE33500294144 /* Release */,
			);
			defaultConfigurationIsVisible = 0;
		};
/* End XCConfigurationList section */
	};
	rootObject = 9233F8BD1DDEE33400294144 /* Project object */;
}
